
Microsoft Visual Studio Solution File, Format Version 12.00
# Visual Studio Version 17
VisualStudioVersion = 17.9.34622.214
MinimumVisualStudioVersion = 10.0.40219.1
Project("{9A19103F-16F7-4668-BE54-9A1E7A4F7556}") = "ExcavationMethod.Revit.PackageBuilder", "ExcavationMethod.Revit.PackageBuilder.csproj", "{E2DBA5E1-BBE0-4092-BD5D-A49C9AE35E53}"
EndProject
Global
	GlobalSection(SolutionConfigurationPlatforms) = preSolution
		Debug Nuke|Any CPU = Debug Nuke|Any CPU
		Debug R23|Any CPU = Debug R23|Any CPU
		Debug|Any CPU = Debug|Any CPU
		Release Nuke|Any CPU = Release Nuke|Any CPU
		Release R23|Any CPU = Release R23|Any CPU
	EndGlobalSection
	GlobalSection(ProjectConfigurationPlatforms) = postSolution
		{E2DBA5E1-BBE0-4092-BD5D-A49C9AE35E53}.Debug Nuke|Any CPU.ActiveCfg = Debug Nuke|Any CPU
		{E2DBA5E1-BBE0-4092-BD5D-A49C9AE35E53}.Debug Nuke|Any CPU.Build.0 = Debug Nuke|Any CPU
		{E2DBA5E1-BBE0-4092-BD5D-A49C9AE35E53}.Debug R23|Any CPU.ActiveCfg = Debug R23|Any CPU
		{E2DBA5E1-BBE0-4092-BD5D-A49C9AE35E53}.Debug R23|Any CPU.Build.0 = Debug R23|Any CPU
		{E2DBA5E1-BBE0-4092-BD5D-A49C9AE35E53}.Debug|Any CPU.ActiveCfg = Debug|Any CPU
		{E2DBA5E1-BBE0-4092-BD5D-A49C9AE35E53}.Debug|Any CPU.Build.0 = Debug|Any CPU
		{E2DBA5E1-BBE0-4092-BD5D-A49C9AE35E53}.Release Nuke|Any CPU.ActiveCfg = Release Nuke|Any CPU
		{E2DBA5E1-BBE0-4092-BD5D-A49C9AE35E53}.Release Nuke|Any CPU.Build.0 = Release Nuke|Any CPU
		{E2DBA5E1-BBE0-4092-BD5D-A49C9AE35E53}.Release R23|Any CPU.ActiveCfg = Release R23|Any CPU
		{E2DBA5E1-BBE0-4092-BD5D-A49C9AE35E53}.Release R23|Any CPU.Build.0 = Release R23|Any CPU
	EndGlobalSection
	GlobalSection(SolutionProperties) = preSolution
		HideSolutionNode = FALSE
	EndGlobalSection
	GlobalSection(ExtensibilityGlobals) = postSolution
		SolutionGuid = {5559ADA4-A99D-40E5-9FBA-35FB7762DD71}
	EndGlobalSection
EndGlobal
