
Microsoft Visual Studio Solution File, Format Version 12.00
# Visual Studio Version 17
VisualStudioVersion = 17.9.34622.214
MinimumVisualStudioVersion = 10.0.40219.1
Project("{2150E333-8FDC-42A3-9474-1A3956D46DE8}") = "Solution Items", "Solution Items", "{C14482D1-EA4C-4B40-B11A-61E487B43C8A}"
	ProjectSection(SolutionItems) = preProject
		.gitignore = .gitignore
		ci.yml = ci.yml
		Directory.Build.props = Directory.Build.props
		parameters.json = parameters.json
		README.md = README.md
	EndProjectSection
EndProject
Project("{9A19103F-16F7-4668-BE54-9A1E7A4F7556}") = "_build", "build\_build.csproj", "{3CB1719A-C658-47A7-BCE4-8CB207BF0570}"
EndProject
Project("{2150E333-8FDC-42A3-9474-1A3956D46DE8}") = "Src", "Src", "{742A1A28-2EDE-4FC3-99AD-E5A431E275E5}"
EndProject
Project("{9A19103F-16F7-4668-BE54-9A1E7A4F7556}") = "ExcavationMethod.Domain", "Src\ExcavationMethod.Domain\ExcavationMethod.Domain.csproj", "{BA08DD1A-5297-4C58-8D8A-D4D89C3337DB}"
EndProject
Project("{9A19103F-16F7-4668-BE54-9A1E7A4F7556}") = "ExcavationMethod.Abstractions", "Src\ExcavationMethod.Abstractions\ExcavationMethod.Abstractions.csproj", "{18A4FA63-BF3B-46D5-91F6-48134F66C9C3}"
EndProject
Project("{9A19103F-16F7-4668-BE54-9A1E7A4F7556}") = "ExcavationMethod.Authentication", "Src\ExcavationMethod.Authentication\ExcavationMethod.Authentication.csproj", "{9D97B4E8-ECBF-4308-90EE-664824D8CED1}"
EndProject
Project("{9A19103F-16F7-4668-BE54-9A1E7A4F7556}") = "ExcavationMethod.Nuke.Build", "Src\ExcavationMethod.Nuke.Build\ExcavationMethod.Nuke.Build.csproj", "{33C4B659-0BDD-43C6-B58C-3F27383C5C2C}"
EndProject
Project("{9A19103F-16F7-4668-BE54-9A1E7A4F7556}") = "ExcavationMethod.Revit.Application", "Src\ExcavationMethod.Revit.Application\ExcavationMethod.Revit.Application.csproj", "{2DB13D5A-EA97-418A-AA9D-DA4E5026C27C}"
EndProject
Project("{9A19103F-16F7-4668-BE54-9A1E7A4F7556}") = "ExcavationMethod.Revit.Installer", "Src\ExcavationMethod.Revit.Installer\ExcavationMethod.Revit.Installer.csproj", "{10B7334C-A053-4387-9809-1CE1FEE78CFA}"
EndProject
Project("{9A19103F-16F7-4668-BE54-9A1E7A4F7556}") = "ExcavationMethod.Updates", "Src\ExcavationMethod.Updates\ExcavationMethod.Updates.csproj", "{049DD188-E08C-4C7D-966C-4D559DC1CBCA}"
EndProject
Project("{9A19103F-16F7-4668-BE54-9A1E7A4F7556}") = "ExcavationMethod.Telemetry", "Src\ExcavationMethod.Telemetry\ExcavationMethod.Telemetry.csproj", "{7219BD6F-6468-44EA-9803-423DBC352121}"
EndProject
Project("{9A19103F-16F7-4668-BE54-9A1E7A4F7556}") = "ExcavationMethod.Revit.Utilities", "Src\ExcavationMethod.Revit.Utilities\ExcavationMethod.Revit.Utilities.csproj", "{6B0FF321-7396-4493-B416-B1F72DC08BB6}"
EndProject
Project("{9A19103F-16F7-4668-BE54-9A1E7A4F7556}") = "ExcavationMethod.Revit.PackageBuilder", "Src\ExcavationMethod.Revit.PackageBuilder\ExcavationMethod.Revit.PackageBuilder.csproj", "{FB05C101-D175-4A6D-B242-F2CD565EA129}"
EndProject
Global
	GlobalSection(SolutionConfigurationPlatforms) = preSolution
		Debug Functions|Any CPU = Debug Functions|Any CPU
		Debug Nuke|Any CPU = Debug Nuke|Any CPU
		Debug R23|Any CPU = Debug R23|Any CPU
		Debug R24|Any CPU = Debug R24|Any CPU
		Debug|Any CPU = Debug|Any CPU
		Release Functions|Any CPU = Release Functions|Any CPU
		Release Nuke|Any CPU = Release Nuke|Any CPU
		Release R23|Any CPU = Release R23|Any CPU
		Release R24|Any CPU = Release R24|Any CPU
		Release|Any CPU = Release|Any CPU
	EndGlobalSection
	GlobalSection(ProjectConfigurationPlatforms) = postSolution
		{3CB1719A-C658-47A7-BCE4-8CB207BF0570}.Debug Functions|Any CPU.ActiveCfg = Debug Nuke|Any CPU
		{3CB1719A-C658-47A7-BCE4-8CB207BF0570}.Debug Functions|Any CPU.Build.0 = Debug Nuke|Any CPU
		{3CB1719A-C658-47A7-BCE4-8CB207BF0570}.Debug Nuke|Any CPU.ActiveCfg = Debug Nuke|Any CPU
		{3CB1719A-C658-47A7-BCE4-8CB207BF0570}.Debug R23|Any CPU.ActiveCfg = Debug Nuke|Any CPU
		{3CB1719A-C658-47A7-BCE4-8CB207BF0570}.Debug R24|Any CPU.ActiveCfg = Debug R23|Any CPU
		{3CB1719A-C658-47A7-BCE4-8CB207BF0570}.Debug|Any CPU.ActiveCfg = Debug Nuke|Any CPU
		{3CB1719A-C658-47A7-BCE4-8CB207BF0570}.Release Functions|Any CPU.ActiveCfg = Release Nuke|Any CPU
		{3CB1719A-C658-47A7-BCE4-8CB207BF0570}.Release Functions|Any CPU.Build.0 = Release Nuke|Any CPU
		{3CB1719A-C658-47A7-BCE4-8CB207BF0570}.Release Nuke|Any CPU.ActiveCfg = Release Nuke|Any CPU
		{3CB1719A-C658-47A7-BCE4-8CB207BF0570}.Release R23|Any CPU.ActiveCfg = Release Nuke|Any CPU
		{3CB1719A-C658-47A7-BCE4-8CB207BF0570}.Release R24|Any CPU.ActiveCfg = Release R23|Any CPU
		{3CB1719A-C658-47A7-BCE4-8CB207BF0570}.Release|Any CPU.ActiveCfg = Release Nuke|Any CPU
		{BA08DD1A-5297-4C58-8D8A-D4D89C3337DB}.Debug Functions|Any CPU.ActiveCfg = Debug R23|Any CPU
		{BA08DD1A-5297-4C58-8D8A-D4D89C3337DB}.Debug Functions|Any CPU.Build.0 = Debug R23|Any CPU
		{BA08DD1A-5297-4C58-8D8A-D4D89C3337DB}.Debug Nuke|Any CPU.ActiveCfg = Debug R23|Any CPU
		{BA08DD1A-5297-4C58-8D8A-D4D89C3337DB}.Debug Nuke|Any CPU.Build.0 = Debug R23|Any CPU
		{BA08DD1A-5297-4C58-8D8A-D4D89C3337DB}.Debug R23|Any CPU.ActiveCfg = Debug R23|Any CPU
		{BA08DD1A-5297-4C58-8D8A-D4D89C3337DB}.Debug R23|Any CPU.Build.0 = Debug R23|Any CPU
		{BA08DD1A-5297-4C58-8D8A-D4D89C3337DB}.Debug R24|Any CPU.ActiveCfg = Debug R23|Any CPU
		{BA08DD1A-5297-4C58-8D8A-D4D89C3337DB}.Debug R24|Any CPU.Build.0 = Debug R23|Any CPU
		{BA08DD1A-5297-4C58-8D8A-D4D89C3337DB}.Debug|Any CPU.ActiveCfg = Debug|Any CPU
		{BA08DD1A-5297-4C58-8D8A-D4D89C3337DB}.Debug|Any CPU.Build.0 = Debug|Any CPU
		{BA08DD1A-5297-4C58-8D8A-D4D89C3337DB}.Release Functions|Any CPU.ActiveCfg = Release|Any CPU
		{BA08DD1A-5297-4C58-8D8A-D4D89C3337DB}.Release Functions|Any CPU.Build.0 = Release|Any CPU
		{BA08DD1A-5297-4C58-8D8A-D4D89C3337DB}.Release Nuke|Any CPU.ActiveCfg = Release|Any CPU
		{BA08DD1A-5297-4C58-8D8A-D4D89C3337DB}.Release Nuke|Any CPU.Build.0 = Release|Any CPU
		{BA08DD1A-5297-4C58-8D8A-D4D89C3337DB}.Release R23|Any CPU.ActiveCfg = Release|Any CPU
		{BA08DD1A-5297-4C58-8D8A-D4D89C3337DB}.Release R23|Any CPU.Build.0 = Release|Any CPU
		{BA08DD1A-5297-4C58-8D8A-D4D89C3337DB}.Release R24|Any CPU.ActiveCfg = Release|Any CPU
		{BA08DD1A-5297-4C58-8D8A-D4D89C3337DB}.Release R24|Any CPU.Build.0 = Release|Any CPU
		{BA08DD1A-5297-4C58-8D8A-D4D89C3337DB}.Release|Any CPU.ActiveCfg = Release|Any CPU
		{BA08DD1A-5297-4C58-8D8A-D4D89C3337DB}.Release|Any CPU.Build.0 = Release|Any CPU
		{18A4FA63-BF3B-46D5-91F6-48134F66C9C3}.Debug Functions|Any CPU.ActiveCfg = Debug R23|Any CPU
		{18A4FA63-BF3B-46D5-91F6-48134F66C9C3}.Debug Functions|Any CPU.Build.0 = Debug R23|Any CPU
		{18A4FA63-BF3B-46D5-91F6-48134F66C9C3}.Debug Nuke|Any CPU.ActiveCfg = Debug R23|Any CPU
		{18A4FA63-BF3B-46D5-91F6-48134F66C9C3}.Debug Nuke|Any CPU.Build.0 = Debug R23|Any CPU
		{18A4FA63-BF3B-46D5-91F6-48134F66C9C3}.Debug R23|Any CPU.ActiveCfg = Debug R23|Any CPU
		{18A4FA63-BF3B-46D5-91F6-48134F66C9C3}.Debug R23|Any CPU.Build.0 = Debug R23|Any CPU
		{18A4FA63-BF3B-46D5-91F6-48134F66C9C3}.Debug R24|Any CPU.ActiveCfg = Debug R24|Any CPU
		{18A4FA63-BF3B-46D5-91F6-48134F66C9C3}.Debug R24|Any CPU.Build.0 = Debug R24|Any CPU
		{18A4FA63-BF3B-46D5-91F6-48134F66C9C3}.Debug|Any CPU.ActiveCfg = Debug R23|Any CPU
		{18A4FA63-BF3B-46D5-91F6-48134F66C9C3}.Debug|Any CPU.Build.0 = Debug R23|Any CPU
		{18A4FA63-BF3B-46D5-91F6-48134F66C9C3}.Release Functions|Any CPU.ActiveCfg = Release R23|Any CPU
		{18A4FA63-BF3B-46D5-91F6-48134F66C9C3}.Release Functions|Any CPU.Build.0 = Release R23|Any CPU
		{18A4FA63-BF3B-46D5-91F6-48134F66C9C3}.Release Nuke|Any CPU.ActiveCfg = Release R23|Any CPU
		{18A4FA63-BF3B-46D5-91F6-48134F66C9C3}.Release Nuke|Any CPU.Build.0 = Release R23|Any CPU
		{18A4FA63-BF3B-46D5-91F6-48134F66C9C3}.Release R23|Any CPU.ActiveCfg = Release R23|Any CPU
		{18A4FA63-BF3B-46D5-91F6-48134F66C9C3}.Release R23|Any CPU.Build.0 = Release R23|Any CPU
		{18A4FA63-BF3B-46D5-91F6-48134F66C9C3}.Release R24|Any CPU.ActiveCfg = Release R24|Any CPU
		{18A4FA63-BF3B-46D5-91F6-48134F66C9C3}.Release R24|Any CPU.Build.0 = Release R24|Any CPU
		{18A4FA63-BF3B-46D5-91F6-48134F66C9C3}.Release|Any CPU.ActiveCfg = Release R23|Any CPU
		{18A4FA63-BF3B-46D5-91F6-48134F66C9C3}.Release|Any CPU.Build.0 = Release R23|Any CPU
		{9D97B4E8-ECBF-4308-90EE-664824D8CED1}.Debug Functions|Any CPU.ActiveCfg = Debug R23|Any CPU
		{9D97B4E8-ECBF-4308-90EE-664824D8CED1}.Debug Functions|Any CPU.Build.0 = Debug R23|Any CPU
		{9D97B4E8-ECBF-4308-90EE-664824D8CED1}.Debug Nuke|Any CPU.ActiveCfg = Debug R23|Any CPU
		{9D97B4E8-ECBF-4308-90EE-664824D8CED1}.Debug Nuke|Any CPU.Build.0 = Debug R23|Any CPU
		{9D97B4E8-ECBF-4308-90EE-664824D8CED1}.Debug R23|Any CPU.ActiveCfg = Debug R23|Any CPU
		{9D97B4E8-ECBF-4308-90EE-664824D8CED1}.Debug R23|Any CPU.Build.0 = Debug R23|Any CPU
		{9D97B4E8-ECBF-4308-90EE-664824D8CED1}.Debug R24|Any CPU.ActiveCfg = Debug R24|Any CPU
		{9D97B4E8-ECBF-4308-90EE-664824D8CED1}.Debug R24|Any CPU.Build.0 = Debug R24|Any CPU
		{9D97B4E8-ECBF-4308-90EE-664824D8CED1}.Debug|Any CPU.ActiveCfg = Debug|Any CPU
		{9D97B4E8-ECBF-4308-90EE-664824D8CED1}.Debug|Any CPU.Build.0 = Debug|Any CPU
		{9D97B4E8-ECBF-4308-90EE-664824D8CED1}.Release Functions|Any CPU.ActiveCfg = Release R23|Any CPU
		{9D97B4E8-ECBF-4308-90EE-664824D8CED1}.Release Functions|Any CPU.Build.0 = Release R23|Any CPU
		{9D97B4E8-ECBF-4308-90EE-664824D8CED1}.Release Nuke|Any CPU.ActiveCfg = Release R23|Any CPU
		{9D97B4E8-ECBF-4308-90EE-664824D8CED1}.Release Nuke|Any CPU.Build.0 = Release R23|Any CPU
		{9D97B4E8-ECBF-4308-90EE-664824D8CED1}.Release R23|Any CPU.ActiveCfg = Release R23|Any CPU
		{9D97B4E8-ECBF-4308-90EE-664824D8CED1}.Release R23|Any CPU.Build.0 = Release R23|Any CPU
		{9D97B4E8-ECBF-4308-90EE-664824D8CED1}.Release R24|Any CPU.ActiveCfg = Release R24|Any CPU
		{9D97B4E8-ECBF-4308-90EE-664824D8CED1}.Release R24|Any CPU.Build.0 = Release R24|Any CPU
		{9D97B4E8-ECBF-4308-90EE-664824D8CED1}.Release|Any CPU.ActiveCfg = Release|Any CPU
		{9D97B4E8-ECBF-4308-90EE-664824D8CED1}.Release|Any CPU.Build.0 = Release|Any CPU
		{33C4B659-0BDD-43C6-B58C-3F27383C5C2C}.Debug Functions|Any CPU.ActiveCfg = Debug Functions|Any CPU
		{33C4B659-0BDD-43C6-B58C-3F27383C5C2C}.Debug Functions|Any CPU.Build.0 = Debug Functions|Any CPU
		{33C4B659-0BDD-43C6-B58C-3F27383C5C2C}.Debug Nuke|Any CPU.ActiveCfg = Debug Nuke|Any CPU
		{33C4B659-0BDD-43C6-B58C-3F27383C5C2C}.Debug Nuke|Any CPU.Build.0 = Debug Nuke|Any CPU
		{33C4B659-0BDD-43C6-B58C-3F27383C5C2C}.Debug R23|Any CPU.ActiveCfg = Debug R23|Any CPU
		{33C4B659-0BDD-43C6-B58C-3F27383C5C2C}.Debug R24|Any CPU.ActiveCfg = Debug Nuke|Any CPU
		{33C4B659-0BDD-43C6-B58C-3F27383C5C2C}.Debug|Any CPU.ActiveCfg = Debug|Any CPU
		{33C4B659-0BDD-43C6-B58C-3F27383C5C2C}.Release Functions|Any CPU.ActiveCfg = Release Functions|Any CPU
		{33C4B659-0BDD-43C6-B58C-3F27383C5C2C}.Release Functions|Any CPU.Build.0 = Release Functions|Any CPU
		{33C4B659-0BDD-43C6-B58C-3F27383C5C2C}.Release Nuke|Any CPU.ActiveCfg = Release Nuke|Any CPU
		{33C4B659-0BDD-43C6-B58C-3F27383C5C2C}.Release Nuke|Any CPU.Build.0 = Release Nuke|Any CPU
		{33C4B659-0BDD-43C6-B58C-3F27383C5C2C}.Release R23|Any CPU.ActiveCfg = Release R23|Any CPU
		{33C4B659-0BDD-43C6-B58C-3F27383C5C2C}.Release R23|Any CPU.Build.0 = Release R23|Any CPU
		{33C4B659-0BDD-43C6-B58C-3F27383C5C2C}.Release R24|Any CPU.ActiveCfg = Release Nuke|Any CPU
		{33C4B659-0BDD-43C6-B58C-3F27383C5C2C}.Release|Any CPU.ActiveCfg = Release|Any CPU
		{2DB13D5A-EA97-418A-AA9D-DA4E5026C27C}.Debug Functions|Any CPU.ActiveCfg = Debug R23|Any CPU
		{2DB13D5A-EA97-418A-AA9D-DA4E5026C27C}.Debug Functions|Any CPU.Build.0 = Debug R23|Any CPU
		{2DB13D5A-EA97-418A-AA9D-DA4E5026C27C}.Debug Nuke|Any CPU.ActiveCfg = Debug R23|Any CPU
		{2DB13D5A-EA97-418A-AA9D-DA4E5026C27C}.Debug Nuke|Any CPU.Build.0 = Debug R23|Any CPU
		{2DB13D5A-EA97-418A-AA9D-DA4E5026C27C}.Debug R23|Any CPU.ActiveCfg = Debug R23|Any CPU
		{2DB13D5A-EA97-418A-AA9D-DA4E5026C27C}.Debug R23|Any CPU.Build.0 = Debug R23|Any CPU
		{2DB13D5A-EA97-418A-AA9D-DA4E5026C27C}.Debug R24|Any CPU.ActiveCfg = Debug R24|Any CPU
		{2DB13D5A-EA97-418A-AA9D-DA4E5026C27C}.Debug R24|Any CPU.Build.0 = Debug R24|Any CPU
		{2DB13D5A-EA97-418A-AA9D-DA4E5026C27C}.Debug|Any CPU.ActiveCfg = Debug R23|Any CPU
		{2DB13D5A-EA97-418A-AA9D-DA4E5026C27C}.Debug|Any CPU.Build.0 = Debug R23|Any CPU
		{2DB13D5A-EA97-418A-AA9D-DA4E5026C27C}.Release Functions|Any CPU.ActiveCfg = Release R23|Any CPU
		{2DB13D5A-EA97-418A-AA9D-DA4E5026C27C}.Release Functions|Any CPU.Build.0 = Release R23|Any CPU
		{2DB13D5A-EA97-418A-AA9D-DA4E5026C27C}.Release Nuke|Any CPU.ActiveCfg = Release R23|Any CPU
		{2DB13D5A-EA97-418A-AA9D-DA4E5026C27C}.Release Nuke|Any CPU.Build.0 = Release R23|Any CPU
		{2DB13D5A-EA97-418A-AA9D-DA4E5026C27C}.Release R23|Any CPU.ActiveCfg = Release R23|Any CPU
		{2DB13D5A-EA97-418A-AA9D-DA4E5026C27C}.Release R23|Any CPU.Build.0 = Release R23|Any CPU
		{2DB13D5A-EA97-418A-AA9D-DA4E5026C27C}.Release R24|Any CPU.ActiveCfg = Release R24|Any CPU
		{2DB13D5A-EA97-418A-AA9D-DA4E5026C27C}.Release R24|Any CPU.Build.0 = Release R24|Any CPU
		{2DB13D5A-EA97-418A-AA9D-DA4E5026C27C}.Release|Any CPU.ActiveCfg = Release R23|Any CPU
		{2DB13D5A-EA97-418A-AA9D-DA4E5026C27C}.Release|Any CPU.Build.0 = Release R23|Any CPU
		{10B7334C-A053-4387-9809-1CE1FEE78CFA}.Debug Functions|Any CPU.ActiveCfg = Debug Functions|Any CPU
		{10B7334C-A053-4387-9809-1CE1FEE78CFA}.Debug Functions|Any CPU.Build.0 = Debug Functions|Any CPU
		{10B7334C-A053-4387-9809-1CE1FEE78CFA}.Debug Nuke|Any CPU.ActiveCfg = Debug Nuke|Any CPU
		{10B7334C-A053-4387-9809-1CE1FEE78CFA}.Debug Nuke|Any CPU.Build.0 = Debug Nuke|Any CPU
		{10B7334C-A053-4387-9809-1CE1FEE78CFA}.Debug R23|Any CPU.ActiveCfg = Debug R23|Any CPU
		{10B7334C-A053-4387-9809-1CE1FEE78CFA}.Debug R24|Any CPU.ActiveCfg = Debug Nuke|Any CPU
		{10B7334C-A053-4387-9809-1CE1FEE78CFA}.Debug|Any CPU.ActiveCfg = Debug|Any CPU
		{10B7334C-A053-4387-9809-1CE1FEE78CFA}.Release Functions|Any CPU.ActiveCfg = Release Functions|Any CPU
		{10B7334C-A053-4387-9809-1CE1FEE78CFA}.Release Functions|Any CPU.Build.0 = Release Functions|Any CPU
		{10B7334C-A053-4387-9809-1CE1FEE78CFA}.Release Nuke|Any CPU.ActiveCfg = Release Nuke|Any CPU
		{10B7334C-A053-4387-9809-1CE1FEE78CFA}.Release Nuke|Any CPU.Build.0 = Release Nuke|Any CPU
		{10B7334C-A053-4387-9809-1CE1FEE78CFA}.Release R23|Any CPU.ActiveCfg = Release R23|Any CPU
		{10B7334C-A053-4387-9809-1CE1FEE78CFA}.Release R24|Any CPU.ActiveCfg = Release Nuke|Any CPU
		{10B7334C-A053-4387-9809-1CE1FEE78CFA}.Release|Any CPU.ActiveCfg = Release|Any CPU
		{049DD188-E08C-4C7D-966C-4D559DC1CBCA}.Debug Functions|Any CPU.ActiveCfg = Debug R23|Any CPU
		{049DD188-E08C-4C7D-966C-4D559DC1CBCA}.Debug Functions|Any CPU.Build.0 = Debug R23|Any CPU
		{049DD188-E08C-4C7D-966C-4D559DC1CBCA}.Debug Nuke|Any CPU.ActiveCfg = Debug R23|Any CPU
		{049DD188-E08C-4C7D-966C-4D559DC1CBCA}.Debug Nuke|Any CPU.Build.0 = Debug R23|Any CPU
		{049DD188-E08C-4C7D-966C-4D559DC1CBCA}.Debug R23|Any CPU.ActiveCfg = Debug R23|Any CPU
		{049DD188-E08C-4C7D-966C-4D559DC1CBCA}.Debug R23|Any CPU.Build.0 = Debug R23|Any CPU
		{049DD188-E08C-4C7D-966C-4D559DC1CBCA}.Debug R24|Any CPU.ActiveCfg = Debug R24|Any CPU
		{049DD188-E08C-4C7D-966C-4D559DC1CBCA}.Debug R24|Any CPU.Build.0 = Debug R24|Any CPU
		{049DD188-E08C-4C7D-966C-4D559DC1CBCA}.Debug|Any CPU.ActiveCfg = Debug R23|Any CPU
		{049DD188-E08C-4C7D-966C-4D559DC1CBCA}.Debug|Any CPU.Build.0 = Debug R23|Any CPU
		{049DD188-E08C-4C7D-966C-4D559DC1CBCA}.Release Functions|Any CPU.ActiveCfg = Release R23|Any CPU
		{049DD188-E08C-4C7D-966C-4D559DC1CBCA}.Release Functions|Any CPU.Build.0 = Release R23|Any CPU
		{049DD188-E08C-4C7D-966C-4D559DC1CBCA}.Release Nuke|Any CPU.ActiveCfg = Release R23|Any CPU
		{049DD188-E08C-4C7D-966C-4D559DC1CBCA}.Release Nuke|Any CPU.Build.0 = Release R23|Any CPU
		{049DD188-E08C-4C7D-966C-4D559DC1CBCA}.Release R23|Any CPU.ActiveCfg = Release R23|Any CPU
		{049DD188-E08C-4C7D-966C-4D559DC1CBCA}.Release R23|Any CPU.Build.0 = Release R23|Any CPU
		{049DD188-E08C-4C7D-966C-4D559DC1CBCA}.Release R24|Any CPU.ActiveCfg = Release R24|Any CPU
		{049DD188-E08C-4C7D-966C-4D559DC1CBCA}.Release R24|Any CPU.Build.0 = Release R24|Any CPU
		{049DD188-E08C-4C7D-966C-4D559DC1CBCA}.Release|Any CPU.ActiveCfg = Release R23|Any CPU
		{049DD188-E08C-4C7D-966C-4D559DC1CBCA}.Release|Any CPU.Build.0 = Release R23|Any CPU
		{7219BD6F-6468-44EA-9803-423DBC352121}.Debug Functions|Any CPU.ActiveCfg = Debug|Any CPU
		{7219BD6F-6468-44EA-9803-423DBC352121}.Debug Functions|Any CPU.Build.0 = Debug|Any CPU
		{7219BD6F-6468-44EA-9803-423DBC352121}.Debug Nuke|Any CPU.ActiveCfg = Debug|Any CPU
		{7219BD6F-6468-44EA-9803-423DBC352121}.Debug Nuke|Any CPU.Build.0 = Debug|Any CPU
		{7219BD6F-6468-44EA-9803-423DBC352121}.Debug R23|Any CPU.ActiveCfg = Debug|Any CPU
		{7219BD6F-6468-44EA-9803-423DBC352121}.Debug R23|Any CPU.Build.0 = Debug|Any CPU
		{7219BD6F-6468-44EA-9803-423DBC352121}.Debug R24|Any CPU.ActiveCfg = Debug|Any CPU
		{7219BD6F-6468-44EA-9803-423DBC352121}.Debug R24|Any CPU.Build.0 = Debug|Any CPU
		{7219BD6F-6468-44EA-9803-423DBC352121}.Debug|Any CPU.ActiveCfg = Debug|Any CPU
		{7219BD6F-6468-44EA-9803-423DBC352121}.Debug|Any CPU.Build.0 = Debug|Any CPU
		{7219BD6F-6468-44EA-9803-423DBC352121}.Release Functions|Any CPU.ActiveCfg = Release|Any CPU
		{7219BD6F-6468-44EA-9803-423DBC352121}.Release Functions|Any CPU.Build.0 = Release|Any CPU
		{7219BD6F-6468-44EA-9803-423DBC352121}.Release Nuke|Any CPU.ActiveCfg = Release|Any CPU
		{7219BD6F-6468-44EA-9803-423DBC352121}.Release Nuke|Any CPU.Build.0 = Release|Any CPU
		{7219BD6F-6468-44EA-9803-423DBC352121}.Release R23|Any CPU.ActiveCfg = Release|Any CPU
		{7219BD6F-6468-44EA-9803-423DBC352121}.Release R23|Any CPU.Build.0 = Release|Any CPU
		{7219BD6F-6468-44EA-9803-423DBC352121}.Release R24|Any CPU.ActiveCfg = Release|Any CPU
		{7219BD6F-6468-44EA-9803-423DBC352121}.Release R24|Any CPU.Build.0 = Release|Any CPU
		{7219BD6F-6468-44EA-9803-423DBC352121}.Release|Any CPU.ActiveCfg = Release|Any CPU
		{7219BD6F-6468-44EA-9803-423DBC352121}.Release|Any CPU.Build.0 = Release|Any CPU
		{6B0FF321-7396-4493-B416-B1F72DC08BB6}.Debug Functions|Any CPU.ActiveCfg = Debug R23|Any CPU
		{6B0FF321-7396-4493-B416-B1F72DC08BB6}.Debug Functions|Any CPU.Build.0 = Debug R23|Any CPU
		{6B0FF321-7396-4493-B416-B1F72DC08BB6}.Debug Nuke|Any CPU.ActiveCfg = Debug R23|Any CPU
		{6B0FF321-7396-4493-B416-B1F72DC08BB6}.Debug Nuke|Any CPU.Build.0 = Debug R23|Any CPU
		{6B0FF321-7396-4493-B416-B1F72DC08BB6}.Debug R23|Any CPU.ActiveCfg = Debug R23|Any CPU
		{6B0FF321-7396-4493-B416-B1F72DC08BB6}.Debug R23|Any CPU.Build.0 = Debug R23|Any CPU
		{6B0FF321-7396-4493-B416-B1F72DC08BB6}.Debug R24|Any CPU.ActiveCfg = Debug R24|Any CPU
		{6B0FF321-7396-4493-B416-B1F72DC08BB6}.Debug R24|Any CPU.Build.0 = Debug R24|Any CPU
		{6B0FF321-7396-4493-B416-B1F72DC08BB6}.Debug|Any CPU.ActiveCfg = Debug R23|Any CPU
		{6B0FF321-7396-4493-B416-B1F72DC08BB6}.Debug|Any CPU.Build.0 = Debug R23|Any CPU
		{6B0FF321-7396-4493-B416-B1F72DC08BB6}.Release Functions|Any CPU.ActiveCfg = Release R23|Any CPU
		{6B0FF321-7396-4493-B416-B1F72DC08BB6}.Release Functions|Any CPU.Build.0 = Release R23|Any CPU
		{6B0FF321-7396-4493-B416-B1F72DC08BB6}.Release Nuke|Any CPU.ActiveCfg = Release R23|Any CPU
		{6B0FF321-7396-4493-B416-B1F72DC08BB6}.Release Nuke|Any CPU.Build.0 = Release R23|Any CPU
		{6B0FF321-7396-4493-B416-B1F72DC08BB6}.Release R23|Any CPU.ActiveCfg = Release R23|Any CPU
		{6B0FF321-7396-4493-B416-B1F72DC08BB6}.Release R23|Any CPU.Build.0 = Release R23|Any CPU
		{6B0FF321-7396-4493-B416-B1F72DC08BB6}.Release R24|Any CPU.ActiveCfg = Release R24|Any CPU
		{6B0FF321-7396-4493-B416-B1F72DC08BB6}.Release R24|Any CPU.Build.0 = Release R24|Any CPU
		{6B0FF321-7396-4493-B416-B1F72DC08BB6}.Release|Any CPU.ActiveCfg = Release R23|Any CPU
		{6B0FF321-7396-4493-B416-B1F72DC08BB6}.Release|Any CPU.Build.0 = Release R23|Any CPU
		{FB05C101-D175-4A6D-B242-F2CD565EA129}.Debug Functions|Any CPU.ActiveCfg = Debug Nuke|Any CPU
		{FB05C101-D175-4A6D-B242-F2CD565EA129}.Debug Functions|Any CPU.Build.0 = Debug Nuke|Any CPU
		{FB05C101-D175-4A6D-B242-F2CD565EA129}.Debug Nuke|Any CPU.ActiveCfg = Debug Nuke|Any CPU
		{FB05C101-D175-4A6D-B242-F2CD565EA129}.Debug Nuke|Any CPU.Build.0 = Debug Nuke|Any CPU
		{FB05C101-D175-4A6D-B242-F2CD565EA129}.Debug R23|Any CPU.ActiveCfg = Debug R23|Any CPU
		{FB05C101-D175-4A6D-B242-F2CD565EA129}.Debug R24|Any CPU.ActiveCfg = Debug Nuke|Any CPU
		{FB05C101-D175-4A6D-B242-F2CD565EA129}.Debug|Any CPU.ActiveCfg = Debug|Any CPU
		{FB05C101-D175-4A6D-B242-F2CD565EA129}.Release Functions|Any CPU.ActiveCfg = Release Nuke|Any CPU
		{FB05C101-D175-4A6D-B242-F2CD565EA129}.Release Functions|Any CPU.Build.0 = Release Nuke|Any CPU
		{FB05C101-D175-4A6D-B242-F2CD565EA129}.Release Nuke|Any CPU.ActiveCfg = Release Nuke|Any CPU
		{FB05C101-D175-4A6D-B242-F2CD565EA129}.Release Nuke|Any CPU.Build.0 = Release Nuke|Any CPU
		{FB05C101-D175-4A6D-B242-F2CD565EA129}.Release R23|Any CPU.ActiveCfg = Release R23|Any CPU
		{FB05C101-D175-4A6D-B242-F2CD565EA129}.Release R24|Any CPU.ActiveCfg = Release Nuke|Any CPU
		{FB05C101-D175-4A6D-B242-F2CD565EA129}.Release|Any CPU.ActiveCfg = Release Nuke|Any CPU
	EndGlobalSection
	GlobalSection(SolutionProperties) = preSolution
		HideSolutionNode = FALSE
	EndGlobalSection
	GlobalSection(NestedProjects) = preSolution
		{BA08DD1A-5297-4C58-8D8A-D4D89C3337DB} = {742A1A28-2EDE-4FC3-99AD-E5A431E275E5}
		{18A4FA63-BF3B-46D5-91F6-48134F66C9C3} = {742A1A28-2EDE-4FC3-99AD-E5A431E275E5}
		{9D97B4E8-ECBF-4308-90EE-664824D8CED1} = {742A1A28-2EDE-4FC3-99AD-E5A431E275E5}
		{33C4B659-0BDD-43C6-B58C-3F27383C5C2C} = {742A1A28-2EDE-4FC3-99AD-E5A431E275E5}
		{2DB13D5A-EA97-418A-AA9D-DA4E5026C27C} = {742A1A28-2EDE-4FC3-99AD-E5A431E275E5}
		{10B7334C-A053-4387-9809-1CE1FEE78CFA} = {742A1A28-2EDE-4FC3-99AD-E5A431E275E5}
		{049DD188-E08C-4C7D-966C-4D559DC1CBCA} = {742A1A28-2EDE-4FC3-99AD-E5A431E275E5}
		{7219BD6F-6468-44EA-9803-423DBC352121} = {742A1A28-2EDE-4FC3-99AD-E5A431E275E5}
		{6B0FF321-7396-4493-B416-B1F72DC08BB6} = {742A1A28-2EDE-4FC3-99AD-E5A431E275E5}
		{FB05C101-D175-4A6D-B242-F2CD565EA129} = {742A1A28-2EDE-4FC3-99AD-E5A431E275E5}
	EndGlobalSection
	GlobalSection(ExtensibilityGlobals) = postSolution
		SolutionGuid = {524634B6-C71E-4BD9-A9CB-6AD189BAE225}
	EndGlobalSection
EndGlobal
