
Microsoft Visual Studio Solution File, Format Version 12.00
# Visual Studio Version 17
VisualStudioVersion = 17.9.34622.214
MinimumVisualStudioVersion = 10.0.40219.1
Project("{2150E333-8FDC-42A3-9474-1A3956D46DE8}") = "Solution Items", "Solution Items", "{C14482D1-EA4C-4B40-B11A-61E487B43C8A}"
	ProjectSection(SolutionItems) = preProject
		.gitignore = .gitignore
		ci.yml = ci.yml
		Directory.Build.props = Directory.Build.props
		parameters.json = parameters.json
		README.md = README.md
	EndProjectSection
EndProject
Project("{9A19103F-16F7-4668-BE54-9A1E7A4F7556}") = "ExcavationMethod.Nuke.Build", "ExcavationMethod.Nuke.Build\ExcavationMethod.Nuke.Build.csproj", "{6F7AE319-A076-4E8C-BE73-C17ADDD84C86}"
EndProject
Project("{9A19103F-16F7-4668-BE54-9A1E7A4F7556}") = "ExcavationMethod.Revit.Installer", "ExcavationMethod.Revit.Installer\ExcavationMethod.Revit.Installer.csproj", "{8D26D12D-FCED-4DA7-97EB-CF053863236B}"
EndProject
Project("{9A19103F-16F7-4668-BE54-9A1E7A4F7556}") = "ExcavationMethod.Revit.PackageBuilder", "ExcavationMethod.Revit.PackageBuilder\ExcavationMethod.Revit.PackageBuilder.csproj", "{07DE22DF-C829-4B16-A4AC-F1ABF6E8FF7C}"
EndProject
Project("{9A19103F-16F7-4668-BE54-9A1E7A4F7556}") = "_build", "build\_build.csproj", "{3CB1719A-C658-47A7-BCE4-8CB207BF0570}"
EndProject
Project("{9A19103F-16F7-4668-BE54-9A1E7A4F7556}") = "ExcavationMethod.Revit.Application", "ExcavationMethod.Revit.Application\ExcavationMethod.Revit.Application.csproj", "{67CC9F45-9399-41B5-B0A4-5C696D0CAC6B}"
	ProjectSection(ProjectDependencies) = postProject
		{0F1BFD66-6AE1-4A90-A222-839F97226196} = {0F1BFD66-6AE1-4A90-A222-839F97226196}
		{2E273F34-CFDF-46B3-8E0E-FB3DEDFBFA6A} = {2E273F34-CFDF-46B3-8E0E-FB3DEDFBFA6A}
		{75476D43-AF07-4C3A-A7D0-7401EA727EA8} = {75476D43-AF07-4C3A-A7D0-7401EA727EA8}
		{97C640B0-275A-4114-A72C-5858D7571B15} = {97C640B0-275A-4114-A72C-5858D7571B15}
	EndProjectSection
EndProject
Project("{9A19103F-16F7-4668-BE54-9A1E7A4F7556}") = "ExcavationMethod.Abstractions", "ExcavationMethod.Abstractions\ExcavationMethod.Abstractions.csproj", "{75476D43-AF07-4C3A-A7D0-7401EA727EA8}"
EndProject
Project("{9A19103F-16F7-4668-BE54-9A1E7A4F7556}") = "ExcavationMethod.Authentication", "ExcavationMethod.Authentication\ExcavationMethod.Authentication.csproj", "{97C640B0-275A-4114-A72C-5858D7571B15}"
EndProject
Project("{9A19103F-16F7-4668-BE54-9A1E7A4F7556}") = "ExcavationMethod.Revit.Utilities", "ExcavationMethod.Revit.Utilities\ExcavationMethod.Revit.Utilities.csproj", "{0F1BFD66-6AE1-4A90-A222-839F97226196}"
EndProject
Project("{9A19103F-16F7-4668-BE54-9A1E7A4F7556}") = "ExcavationMethod.Updates", "ExcavationMethod.Updates\ExcavationMethod.Updates.csproj", "{2E273F34-CFDF-46B3-8E0E-FB3DEDFBFA6A}"
EndProject
Project("{9A19103F-16F7-4668-BE54-9A1E7A4F7556}") = "ExcavationMethod.Domain", "ExcavationMethod.Domain\ExcavationMethod.Domain.csproj", "{51018E58-5267-4DA8-AED9-067A218D8D02}"
EndProject
Project("{9A19103F-16F7-4668-BE54-9A1E7A4F7556}") = "ExcavationMethod.Telemetry", "ExcavationMethod.Telemetry\ExcavationMethod.Telemetry.csproj", "{FC1ADC6C-90B2-4D37-BFD8-277AEFE27A7F}"
EndProject
Project("{2150E333-8FDC-42A3-9474-1A3956D46DE8}") = "Src", "Src", "{742A1A28-2EDE-4FC3-99AD-E5A431E275E5}"
EndProject
Global
	GlobalSection(SolutionConfigurationPlatforms) = preSolution
		Debug Functions|Any CPU = Debug Functions|Any CPU
		Debug Nuke|Any CPU = Debug Nuke|Any CPU
		Debug R23|Any CPU = Debug R23|Any CPU
		Debug R24|Any CPU = Debug R24|Any CPU
		Debug|Any CPU = Debug|Any CPU
		Release Functions|Any CPU = Release Functions|Any CPU
		Release Nuke|Any CPU = Release Nuke|Any CPU
		Release R23|Any CPU = Release R23|Any CPU
		Release R24|Any CPU = Release R24|Any CPU
		Release|Any CPU = Release|Any CPU
	EndGlobalSection
	GlobalSection(ProjectConfigurationPlatforms) = postSolution
		{6F7AE319-A076-4E8C-BE73-C17ADDD84C86}.Debug Functions|Any CPU.ActiveCfg = Debug Functions|Any CPU
		{6F7AE319-A076-4E8C-BE73-C17ADDD84C86}.Debug Functions|Any CPU.Build.0 = Debug Functions|Any CPU
		{6F7AE319-A076-4E8C-BE73-C17ADDD84C86}.Debug Nuke|Any CPU.ActiveCfg = Debug Nuke|Any CPU
		{6F7AE319-A076-4E8C-BE73-C17ADDD84C86}.Debug Nuke|Any CPU.Build.0 = Debug Nuke|Any CPU
		{6F7AE319-A076-4E8C-BE73-C17ADDD84C86}.Debug R23|Any CPU.ActiveCfg = Debug Nuke|Any CPU
		{6F7AE319-A076-4E8C-BE73-C17ADDD84C86}.Debug R24|Any CPU.ActiveCfg = Debug Functions|Any CPU
		{6F7AE319-A076-4E8C-BE73-C17ADDD84C86}.Debug R24|Any CPU.Build.0 = Debug Functions|Any CPU
		{6F7AE319-A076-4E8C-BE73-C17ADDD84C86}.Debug|Any CPU.ActiveCfg = Debug|Any CPU
		{6F7AE319-A076-4E8C-BE73-C17ADDD84C86}.Release Functions|Any CPU.ActiveCfg = Release Functions|Any CPU
		{6F7AE319-A076-4E8C-BE73-C17ADDD84C86}.Release Functions|Any CPU.Build.0 = Release Functions|Any CPU
		{6F7AE319-A076-4E8C-BE73-C17ADDD84C86}.Release Nuke|Any CPU.ActiveCfg = Release Nuke|Any CPU
		{6F7AE319-A076-4E8C-BE73-C17ADDD84C86}.Release R23|Any CPU.ActiveCfg = Release Nuke|Any CPU
		{6F7AE319-A076-4E8C-BE73-C17ADDD84C86}.Release R24|Any CPU.ActiveCfg = Release Functions|Any CPU
		{6F7AE319-A076-4E8C-BE73-C17ADDD84C86}.Release R24|Any CPU.Build.0 = Release Functions|Any CPU
		{6F7AE319-A076-4E8C-BE73-C17ADDD84C86}.Release|Any CPU.ActiveCfg = Release|Any CPU
		{8D26D12D-FCED-4DA7-97EB-CF053863236B}.Debug Functions|Any CPU.ActiveCfg = Debug Functions|Any CPU
		{8D26D12D-FCED-4DA7-97EB-CF053863236B}.Debug Functions|Any CPU.Build.0 = Debug Functions|Any CPU
		{8D26D12D-FCED-4DA7-97EB-CF053863236B}.Debug Nuke|Any CPU.ActiveCfg = Debug Nuke|Any CPU
		{8D26D12D-FCED-4DA7-97EB-CF053863236B}.Debug Nuke|Any CPU.Build.0 = Debug Nuke|Any CPU
		{8D26D12D-FCED-4DA7-97EB-CF053863236B}.Debug R23|Any CPU.ActiveCfg = Debug|Any CPU
		{8D26D12D-FCED-4DA7-97EB-CF053863236B}.Debug R24|Any CPU.ActiveCfg = Debug Functions|Any CPU
		{8D26D12D-FCED-4DA7-97EB-CF053863236B}.Debug R24|Any CPU.Build.0 = Debug Functions|Any CPU
		{8D26D12D-FCED-4DA7-97EB-CF053863236B}.Debug|Any CPU.ActiveCfg = Debug|Any CPU
		{8D26D12D-FCED-4DA7-97EB-CF053863236B}.Debug|Any CPU.Build.0 = Debug|Any CPU
		{8D26D12D-FCED-4DA7-97EB-CF053863236B}.Release Functions|Any CPU.ActiveCfg = Release Functions|Any CPU
		{8D26D12D-FCED-4DA7-97EB-CF053863236B}.Release Functions|Any CPU.Build.0 = Release Functions|Any CPU
		{8D26D12D-FCED-4DA7-97EB-CF053863236B}.Release Nuke|Any CPU.ActiveCfg = Release Nuke|Any CPU
		{8D26D12D-FCED-4DA7-97EB-CF053863236B}.Release Nuke|Any CPU.Build.0 = Release Nuke|Any CPU
		{8D26D12D-FCED-4DA7-97EB-CF053863236B}.Release R23|Any CPU.ActiveCfg = Release|Any CPU
		{8D26D12D-FCED-4DA7-97EB-CF053863236B}.Release R24|Any CPU.ActiveCfg = Release Functions|Any CPU
		{8D26D12D-FCED-4DA7-97EB-CF053863236B}.Release R24|Any CPU.Build.0 = Release Functions|Any CPU
		{8D26D12D-FCED-4DA7-97EB-CF053863236B}.Release|Any CPU.ActiveCfg = Release|Any CPU
		{8D26D12D-FCED-4DA7-97EB-CF053863236B}.Release|Any CPU.Build.0 = Release|Any CPU
		{07DE22DF-C829-4B16-A4AC-F1ABF6E8FF7C}.Debug Functions|Any CPU.ActiveCfg = Debug Nuke|Any CPU
		{07DE22DF-C829-4B16-A4AC-F1ABF6E8FF7C}.Debug Functions|Any CPU.Build.0 = Debug Nuke|Any CPU
		{07DE22DF-C829-4B16-A4AC-F1ABF6E8FF7C}.Debug Nuke|Any CPU.ActiveCfg = Debug Nuke|Any CPU
		{07DE22DF-C829-4B16-A4AC-F1ABF6E8FF7C}.Debug Nuke|Any CPU.Build.0 = Debug Nuke|Any CPU
		{07DE22DF-C829-4B16-A4AC-F1ABF6E8FF7C}.Debug R23|Any CPU.ActiveCfg = Debug Nuke|Any CPU
		{07DE22DF-C829-4B16-A4AC-F1ABF6E8FF7C}.Debug R24|Any CPU.ActiveCfg = Debug R23|Any CPU
		{07DE22DF-C829-4B16-A4AC-F1ABF6E8FF7C}.Debug R24|Any CPU.Build.0 = Debug R23|Any CPU
		{07DE22DF-C829-4B16-A4AC-F1ABF6E8FF7C}.Debug|Any CPU.ActiveCfg = Debug Nuke|Any CPU
		{07DE22DF-C829-4B16-A4AC-F1ABF6E8FF7C}.Debug|Any CPU.Build.0 = Debug Nuke|Any CPU
		{07DE22DF-C829-4B16-A4AC-F1ABF6E8FF7C}.Release Functions|Any CPU.ActiveCfg = Release Nuke|Any CPU
		{07DE22DF-C829-4B16-A4AC-F1ABF6E8FF7C}.Release Functions|Any CPU.Build.0 = Release Nuke|Any CPU
		{07DE22DF-C829-4B16-A4AC-F1ABF6E8FF7C}.Release Nuke|Any CPU.ActiveCfg = Release Nuke|Any CPU
		{07DE22DF-C829-4B16-A4AC-F1ABF6E8FF7C}.Release Nuke|Any CPU.Build.0 = Release Nuke|Any CPU
		{07DE22DF-C829-4B16-A4AC-F1ABF6E8FF7C}.Release R23|Any CPU.ActiveCfg = Release Nuke|Any CPU
		{07DE22DF-C829-4B16-A4AC-F1ABF6E8FF7C}.Release R24|Any CPU.ActiveCfg = Release R23|Any CPU
		{07DE22DF-C829-4B16-A4AC-F1ABF6E8FF7C}.Release R24|Any CPU.Build.0 = Release R23|Any CPU
		{07DE22DF-C829-4B16-A4AC-F1ABF6E8FF7C}.Release|Any CPU.ActiveCfg = Release Nuke|Any CPU
		{07DE22DF-C829-4B16-A4AC-F1ABF6E8FF7C}.Release|Any CPU.Build.0 = Release Nuke|Any CPU
		{3CB1719A-C658-47A7-BCE4-8CB207BF0570}.Debug Functions|Any CPU.ActiveCfg = Debug Nuke|Any CPU
		{3CB1719A-C658-47A7-BCE4-8CB207BF0570}.Debug Functions|Any CPU.Build.0 = Debug Nuke|Any CPU
		{3CB1719A-C658-47A7-BCE4-8CB207BF0570}.Debug Nuke|Any CPU.ActiveCfg = Debug Nuke|Any CPU
		{3CB1719A-C658-47A7-BCE4-8CB207BF0570}.Debug R23|Any CPU.ActiveCfg = Debug Nuke|Any CPU
		{3CB1719A-C658-47A7-BCE4-8CB207BF0570}.Debug R24|Any CPU.ActiveCfg = Debug R23|Any CPU
		{3CB1719A-C658-47A7-BCE4-8CB207BF0570}.Debug R24|Any CPU.Build.0 = Debug R23|Any CPU
		{3CB1719A-C658-47A7-BCE4-8CB207BF0570}.Debug|Any CPU.ActiveCfg = Debug Nuke|Any CPU
		{3CB1719A-C658-47A7-BCE4-8CB207BF0570}.Release Functions|Any CPU.ActiveCfg = Release Nuke|Any CPU
		{3CB1719A-C658-47A7-BCE4-8CB207BF0570}.Release Functions|Any CPU.Build.0 = Release Nuke|Any CPU
		{3CB1719A-C658-47A7-BCE4-8CB207BF0570}.Release Nuke|Any CPU.ActiveCfg = Release Nuke|Any CPU
		{3CB1719A-C658-47A7-BCE4-8CB207BF0570}.Release R23|Any CPU.ActiveCfg = Release Nuke|Any CPU
		{3CB1719A-C658-47A7-BCE4-8CB207BF0570}.Release R24|Any CPU.ActiveCfg = Release R23|Any CPU
		{3CB1719A-C658-47A7-BCE4-8CB207BF0570}.Release R24|Any CPU.Build.0 = Release R23|Any CPU
		{3CB1719A-C658-47A7-BCE4-8CB207BF0570}.Release|Any CPU.ActiveCfg = Release Nuke|Any CPU
		{67CC9F45-9399-41B5-B0A4-5C696D0CAC6B}.Debug Functions|Any CPU.ActiveCfg = Debug R24|Any CPU
		{67CC9F45-9399-41B5-B0A4-5C696D0CAC6B}.Debug Functions|Any CPU.Build.0 = Debug R24|Any CPU
		{67CC9F45-9399-41B5-B0A4-5C696D0CAC6B}.Debug Nuke|Any CPU.ActiveCfg = Debug R23|Any CPU
		{67CC9F45-9399-41B5-B0A4-5C696D0CAC6B}.Debug R23|Any CPU.ActiveCfg = Debug R23|Any CPU
		{67CC9F45-9399-41B5-B0A4-5C696D0CAC6B}.Debug R23|Any CPU.Build.0 = Debug R23|Any CPU
		{67CC9F45-9399-41B5-B0A4-5C696D0CAC6B}.Debug R24|Any CPU.ActiveCfg = Debug R24|Any CPU
		{67CC9F45-9399-41B5-B0A4-5C696D0CAC6B}.Debug R24|Any CPU.Build.0 = Debug R24|Any CPU
		{67CC9F45-9399-41B5-B0A4-5C696D0CAC6B}.Debug|Any CPU.ActiveCfg = Debug|Any CPU
		{67CC9F45-9399-41B5-B0A4-5C696D0CAC6B}.Debug|Any CPU.Build.0 = Debug|Any CPU
		{67CC9F45-9399-41B5-B0A4-5C696D0CAC6B}.Release Functions|Any CPU.ActiveCfg = Release R24|Any CPU
		{67CC9F45-9399-41B5-B0A4-5C696D0CAC6B}.Release Functions|Any CPU.Build.0 = Release R24|Any CPU
		{67CC9F45-9399-41B5-B0A4-5C696D0CAC6B}.Release Nuke|Any CPU.ActiveCfg = Release R23|Any CPU
		{67CC9F45-9399-41B5-B0A4-5C696D0CAC6B}.Release R23|Any CPU.ActiveCfg = Release R23|Any CPU
		{67CC9F45-9399-41B5-B0A4-5C696D0CAC6B}.Release R23|Any CPU.Build.0 = Release R23|Any CPU
		{67CC9F45-9399-41B5-B0A4-5C696D0CAC6B}.Release R24|Any CPU.ActiveCfg = Release R24|Any CPU
		{67CC9F45-9399-41B5-B0A4-5C696D0CAC6B}.Release R24|Any CPU.Build.0 = Release R24|Any CPU
		{67CC9F45-9399-41B5-B0A4-5C696D0CAC6B}.Release|Any CPU.ActiveCfg = Release R23|Any CPU
		{67CC9F45-9399-41B5-B0A4-5C696D0CAC6B}.Release|Any CPU.Build.0 = Release R23|Any CPU
		{75476D43-AF07-4C3A-A7D0-7401EA727EA8}.Debug Functions|Any CPU.ActiveCfg = Debug R24|Any CPU
		{75476D43-AF07-4C3A-A7D0-7401EA727EA8}.Debug Functions|Any CPU.Build.0 = Debug R24|Any CPU
		{75476D43-AF07-4C3A-A7D0-7401EA727EA8}.Debug Nuke|Any CPU.ActiveCfg = Debug R23|Any CPU
		{75476D43-AF07-4C3A-A7D0-7401EA727EA8}.Debug R23|Any CPU.ActiveCfg = Debug R23|Any CPU
		{75476D43-AF07-4C3A-A7D0-7401EA727EA8}.Debug R23|Any CPU.Build.0 = Debug R23|Any CPU
		{75476D43-AF07-4C3A-A7D0-7401EA727EA8}.Debug R24|Any CPU.ActiveCfg = Debug R24|Any CPU
		{75476D43-AF07-4C3A-A7D0-7401EA727EA8}.Debug R24|Any CPU.Build.0 = Debug R24|Any CPU
		{75476D43-AF07-4C3A-A7D0-7401EA727EA8}.Debug|Any CPU.ActiveCfg = Debug|Any CPU
		{75476D43-AF07-4C3A-A7D0-7401EA727EA8}.Debug|Any CPU.Build.0 = Debug|Any CPU
		{75476D43-AF07-4C3A-A7D0-7401EA727EA8}.Release Functions|Any CPU.ActiveCfg = Release R24|Any CPU
		{75476D43-AF07-4C3A-A7D0-7401EA727EA8}.Release Functions|Any CPU.Build.0 = Release R24|Any CPU
		{75476D43-AF07-4C3A-A7D0-7401EA727EA8}.Release Nuke|Any CPU.ActiveCfg = Release R23|Any CPU
		{75476D43-AF07-4C3A-A7D0-7401EA727EA8}.Release R23|Any CPU.ActiveCfg = Release R23|Any CPU
		{75476D43-AF07-4C3A-A7D0-7401EA727EA8}.Release R23|Any CPU.Build.0 = Release R23|Any CPU
		{75476D43-AF07-4C3A-A7D0-7401EA727EA8}.Release R24|Any CPU.ActiveCfg = Release R24|Any CPU
		{75476D43-AF07-4C3A-A7D0-7401EA727EA8}.Release R24|Any CPU.Build.0 = Release R24|Any CPU
		{75476D43-AF07-4C3A-A7D0-7401EA727EA8}.Release|Any CPU.ActiveCfg = Release R23|Any CPU
		{75476D43-AF07-4C3A-A7D0-7401EA727EA8}.Release|Any CPU.Build.0 = Release R23|Any CPU
		{97C640B0-275A-4114-A72C-5858D7571B15}.Debug Functions|Any CPU.ActiveCfg = Debug R24|Any CPU
		{97C640B0-275A-4114-A72C-5858D7571B15}.Debug Functions|Any CPU.Build.0 = Debug R24|Any CPU
		{97C640B0-275A-4114-A72C-5858D7571B15}.Debug Nuke|Any CPU.ActiveCfg = Debug R23|Any CPU
		{97C640B0-275A-4114-A72C-5858D7571B15}.Debug R23|Any CPU.ActiveCfg = Debug R23|Any CPU
		{97C640B0-275A-4114-A72C-5858D7571B15}.Debug R23|Any CPU.Build.0 = Debug R23|Any CPU
		{97C640B0-275A-4114-A72C-5858D7571B15}.Debug R24|Any CPU.ActiveCfg = Debug R24|Any CPU
		{97C640B0-275A-4114-A72C-5858D7571B15}.Debug R24|Any CPU.Build.0 = Debug R24|Any CPU
		{97C640B0-275A-4114-A72C-5858D7571B15}.Debug|Any CPU.ActiveCfg = Debug R23|Any CPU
		{97C640B0-275A-4114-A72C-5858D7571B15}.Debug|Any CPU.Build.0 = Debug R23|Any CPU
		{97C640B0-275A-4114-A72C-5858D7571B15}.Release Functions|Any CPU.ActiveCfg = Release R24|Any CPU
		{97C640B0-275A-4114-A72C-5858D7571B15}.Release Functions|Any CPU.Build.0 = Release R24|Any CPU
		{97C640B0-275A-4114-A72C-5858D7571B15}.Release Nuke|Any CPU.ActiveCfg = Debug R23|Any CPU
		{97C640B0-275A-4114-A72C-5858D7571B15}.Release R23|Any CPU.ActiveCfg = Release R23|Any CPU
		{97C640B0-275A-4114-A72C-5858D7571B15}.Release R23|Any CPU.Build.0 = Release R23|Any CPU
		{97C640B0-275A-4114-A72C-5858D7571B15}.Release R24|Any CPU.ActiveCfg = Release R24|Any CPU
		{97C640B0-275A-4114-A72C-5858D7571B15}.Release R24|Any CPU.Build.0 = Release R24|Any CPU
		{97C640B0-275A-4114-A72C-5858D7571B15}.Release|Any CPU.ActiveCfg = Release R23|Any CPU
		{97C640B0-275A-4114-A72C-5858D7571B15}.Release|Any CPU.Build.0 = Release R23|Any CPU
		{0F1BFD66-6AE1-4A90-A222-839F97226196}.Debug Functions|Any CPU.ActiveCfg = Debug R24|Any CPU
		{0F1BFD66-6AE1-4A90-A222-839F97226196}.Debug Functions|Any CPU.Build.0 = Debug R24|Any CPU
		{0F1BFD66-6AE1-4A90-A222-839F97226196}.Debug Nuke|Any CPU.ActiveCfg = Debug R23|Any CPU
		{0F1BFD66-6AE1-4A90-A222-839F97226196}.Debug R23|Any CPU.ActiveCfg = Debug R23|Any CPU
		{0F1BFD66-6AE1-4A90-A222-839F97226196}.Debug R23|Any CPU.Build.0 = Debug R23|Any CPU
		{0F1BFD66-6AE1-4A90-A222-839F97226196}.Debug R24|Any CPU.ActiveCfg = Debug R24|Any CPU
		{0F1BFD66-6AE1-4A90-A222-839F97226196}.Debug R24|Any CPU.Build.0 = Debug R24|Any CPU
		{0F1BFD66-6AE1-4A90-A222-839F97226196}.Debug|Any CPU.ActiveCfg = Debug|Any CPU
		{0F1BFD66-6AE1-4A90-A222-839F97226196}.Debug|Any CPU.Build.0 = Debug|Any CPU
		{0F1BFD66-6AE1-4A90-A222-839F97226196}.Release Functions|Any CPU.ActiveCfg = Release R24|Any CPU
		{0F1BFD66-6AE1-4A90-A222-839F97226196}.Release Functions|Any CPU.Build.0 = Release R24|Any CPU
		{0F1BFD66-6AE1-4A90-A222-839F97226196}.Release Nuke|Any CPU.ActiveCfg = Release R23|Any CPU
		{0F1BFD66-6AE1-4A90-A222-839F97226196}.Release R23|Any CPU.ActiveCfg = Release R23|Any CPU
		{0F1BFD66-6AE1-4A90-A222-839F97226196}.Release R23|Any CPU.Build.0 = Release R23|Any CPU
		{0F1BFD66-6AE1-4A90-A222-839F97226196}.Release R24|Any CPU.ActiveCfg = Release R24|Any CPU
		{0F1BFD66-6AE1-4A90-A222-839F97226196}.Release R24|Any CPU.Build.0 = Release R24|Any CPU
		{0F1BFD66-6AE1-4A90-A222-839F97226196}.Release|Any CPU.ActiveCfg = Release R23|Any CPU
		{0F1BFD66-6AE1-4A90-A222-839F97226196}.Release|Any CPU.Build.0 = Release R23|Any CPU
		{2E273F34-CFDF-46B3-8E0E-FB3DEDFBFA6A}.Debug Functions|Any CPU.ActiveCfg = Debug R24|Any CPU
		{2E273F34-CFDF-46B3-8E0E-FB3DEDFBFA6A}.Debug Functions|Any CPU.Build.0 = Debug R24|Any CPU
		{2E273F34-CFDF-46B3-8E0E-FB3DEDFBFA6A}.Debug Nuke|Any CPU.ActiveCfg = Debug R23|Any CPU
		{2E273F34-CFDF-46B3-8E0E-FB3DEDFBFA6A}.Debug R23|Any CPU.ActiveCfg = Debug R23|Any CPU
		{2E273F34-CFDF-46B3-8E0E-FB3DEDFBFA6A}.Debug R23|Any CPU.Build.0 = Debug R23|Any CPU
		{2E273F34-CFDF-46B3-8E0E-FB3DEDFBFA6A}.Debug R24|Any CPU.ActiveCfg = Debug R24|Any CPU
		{2E273F34-CFDF-46B3-8E0E-FB3DEDFBFA6A}.Debug R24|Any CPU.Build.0 = Debug R24|Any CPU
		{2E273F34-CFDF-46B3-8E0E-FB3DEDFBFA6A}.Debug|Any CPU.ActiveCfg = Debug R23|Any CPU
		{2E273F34-CFDF-46B3-8E0E-FB3DEDFBFA6A}.Debug|Any CPU.Build.0 = Debug R23|Any CPU
		{2E273F34-CFDF-46B3-8E0E-FB3DEDFBFA6A}.Release Functions|Any CPU.ActiveCfg = Release R24|Any CPU
		{2E273F34-CFDF-46B3-8E0E-FB3DEDFBFA6A}.Release Functions|Any CPU.Build.0 = Release R24|Any CPU
		{2E273F34-CFDF-46B3-8E0E-FB3DEDFBFA6A}.Release Nuke|Any CPU.ActiveCfg = Release R23|Any CPU
		{2E273F34-CFDF-46B3-8E0E-FB3DEDFBFA6A}.Release R23|Any CPU.ActiveCfg = Release R23|Any CPU
		{2E273F34-CFDF-46B3-8E0E-FB3DEDFBFA6A}.Release R23|Any CPU.Build.0 = Release R23|Any CPU
		{2E273F34-CFDF-46B3-8E0E-FB3DEDFBFA6A}.Release R24|Any CPU.ActiveCfg = Release R24|Any CPU
		{2E273F34-CFDF-46B3-8E0E-FB3DEDFBFA6A}.Release R24|Any CPU.Build.0 = Release R24|Any CPU
		{2E273F34-CFDF-46B3-8E0E-FB3DEDFBFA6A}.Release|Any CPU.ActiveCfg = Release R23|Any CPU
		{2E273F34-CFDF-46B3-8E0E-FB3DEDFBFA6A}.Release|Any CPU.Build.0 = Release R23|Any CPU
		{51018E58-5267-4DA8-AED9-067A218D8D02}.Debug Functions|Any CPU.ActiveCfg = Debug R23|Any CPU
		{51018E58-5267-4DA8-AED9-067A218D8D02}.Debug Functions|Any CPU.Build.0 = Debug R23|Any CPU
		{51018E58-5267-4DA8-AED9-067A218D8D02}.Debug Nuke|Any CPU.ActiveCfg = Debug|Any CPU
		{51018E58-5267-4DA8-AED9-067A218D8D02}.Debug Nuke|Any CPU.Build.0 = Debug|Any CPU
		{51018E58-5267-4DA8-AED9-067A218D8D02}.Debug R23|Any CPU.ActiveCfg = Debug R23|Any CPU
		{51018E58-5267-4DA8-AED9-067A218D8D02}.Debug R23|Any CPU.Build.0 = Debug R23|Any CPU
		{51018E58-5267-4DA8-AED9-067A218D8D02}.Debug R24|Any CPU.ActiveCfg = Debug R23|Any CPU
		{51018E58-5267-4DA8-AED9-067A218D8D02}.Debug R24|Any CPU.Build.0 = Debug R23|Any CPU
		{51018E58-5267-4DA8-AED9-067A218D8D02}.Debug|Any CPU.ActiveCfg = Debug R23|Any CPU
		{51018E58-5267-4DA8-AED9-067A218D8D02}.Debug|Any CPU.Build.0 = Debug R23|Any CPU
		{51018E58-5267-4DA8-AED9-067A218D8D02}.Release Functions|Any CPU.ActiveCfg = Release|Any CPU
		{51018E58-5267-4DA8-AED9-067A218D8D02}.Release Functions|Any CPU.Build.0 = Release|Any CPU
		{51018E58-5267-4DA8-AED9-067A218D8D02}.Release Nuke|Any CPU.ActiveCfg = Release|Any CPU
		{51018E58-5267-4DA8-AED9-067A218D8D02}.Release Nuke|Any CPU.Build.0 = Release|Any CPU
		{51018E58-5267-4DA8-AED9-067A218D8D02}.Release R23|Any CPU.ActiveCfg = Release|Any CPU
		{51018E58-5267-4DA8-AED9-067A218D8D02}.Release R23|Any CPU.Build.0 = Release|Any CPU
		{51018E58-5267-4DA8-AED9-067A218D8D02}.Release R24|Any CPU.ActiveCfg = Release|Any CPU
		{51018E58-5267-4DA8-AED9-067A218D8D02}.Release R24|Any CPU.Build.0 = Release|Any CPU
		{51018E58-5267-4DA8-AED9-067A218D8D02}.Release|Any CPU.ActiveCfg = Release|Any CPU
		{51018E58-5267-4DA8-AED9-067A218D8D02}.Release|Any CPU.Build.0 = Release|Any CPU
		{FC1ADC6C-90B2-4D37-BFD8-277AEFE27A7F}.Debug Functions|Any CPU.ActiveCfg = Debug|Any CPU
		{FC1ADC6C-90B2-4D37-BFD8-277AEFE27A7F}.Debug Functions|Any CPU.Build.0 = Debug|Any CPU
		{FC1ADC6C-90B2-4D37-BFD8-277AEFE27A7F}.Debug Nuke|Any CPU.ActiveCfg = Debug|Any CPU
		{FC1ADC6C-90B2-4D37-BFD8-277AEFE27A7F}.Debug Nuke|Any CPU.Build.0 = Debug|Any CPU
		{FC1ADC6C-90B2-4D37-BFD8-277AEFE27A7F}.Debug R23|Any CPU.ActiveCfg = Debug|Any CPU
		{FC1ADC6C-90B2-4D37-BFD8-277AEFE27A7F}.Debug R23|Any CPU.Build.0 = Debug|Any CPU
		{FC1ADC6C-90B2-4D37-BFD8-277AEFE27A7F}.Debug R24|Any CPU.ActiveCfg = Debug|Any CPU
		{FC1ADC6C-90B2-4D37-BFD8-277AEFE27A7F}.Debug R24|Any CPU.Build.0 = Debug|Any CPU
		{FC1ADC6C-90B2-4D37-BFD8-277AEFE27A7F}.Debug|Any CPU.ActiveCfg = Debug|Any CPU
		{FC1ADC6C-90B2-4D37-BFD8-277AEFE27A7F}.Debug|Any CPU.Build.0 = Debug|Any CPU
		{FC1ADC6C-90B2-4D37-BFD8-277AEFE27A7F}.Release Functions|Any CPU.ActiveCfg = Release|Any CPU
		{FC1ADC6C-90B2-4D37-BFD8-277AEFE27A7F}.Release Functions|Any CPU.Build.0 = Release|Any CPU
		{FC1ADC6C-90B2-4D37-BFD8-277AEFE27A7F}.Release Nuke|Any CPU.ActiveCfg = Release|Any CPU
		{FC1ADC6C-90B2-4D37-BFD8-277AEFE27A7F}.Release Nuke|Any CPU.Build.0 = Release|Any CPU
		{FC1ADC6C-90B2-4D37-BFD8-277AEFE27A7F}.Release R23|Any CPU.ActiveCfg = Release|Any CPU
		{FC1ADC6C-90B2-4D37-BFD8-277AEFE27A7F}.Release R23|Any CPU.Build.0 = Release|Any CPU
		{FC1ADC6C-90B2-4D37-BFD8-277AEFE27A7F}.Release R24|Any CPU.ActiveCfg = Release|Any CPU
		{FC1ADC6C-90B2-4D37-BFD8-277AEFE27A7F}.Release R24|Any CPU.Build.0 = Release|Any CPU
		{FC1ADC6C-90B2-4D37-BFD8-277AEFE27A7F}.Release|Any CPU.ActiveCfg = Release|Any CPU
		{FC1ADC6C-90B2-4D37-BFD8-277AEFE27A7F}.Release|Any CPU.Build.0 = Release|Any CPU
	EndGlobalSection
	GlobalSection(SolutionProperties) = preSolution
		HideSolutionNode = FALSE
	EndGlobalSection
	GlobalSection(NestedProjects) = preSolution
		{6F7AE319-A076-4E8C-BE73-C17ADDD84C86} = {742A1A28-2EDE-4FC3-99AD-E5A431E275E5}
		{8D26D12D-FCED-4DA7-97EB-CF053863236B} = {742A1A28-2EDE-4FC3-99AD-E5A431E275E5}
		{07DE22DF-C829-4B16-A4AC-F1ABF6E8FF7C} = {742A1A28-2EDE-4FC3-99AD-E5A431E275E5}
		{67CC9F45-9399-41B5-B0A4-5C696D0CAC6B} = {742A1A28-2EDE-4FC3-99AD-E5A431E275E5}
		{75476D43-AF07-4C3A-A7D0-7401EA727EA8} = {742A1A28-2EDE-4FC3-99AD-E5A431E275E5}
		{97C640B0-275A-4114-A72C-5858D7571B15} = {742A1A28-2EDE-4FC3-99AD-E5A431E275E5}
		{0F1BFD66-6AE1-4A90-A222-839F97226196} = {742A1A28-2EDE-4FC3-99AD-E5A431E275E5}
		{2E273F34-CFDF-46B3-8E0E-FB3DEDFBFA6A} = {742A1A28-2EDE-4FC3-99AD-E5A431E275E5}
		{51018E58-5267-4DA8-AED9-067A218D8D02} = {742A1A28-2EDE-4FC3-99AD-E5A431E275E5}
		{FC1ADC6C-90B2-4D37-BFD8-277AEFE27A7F} = {742A1A28-2EDE-4FC3-99AD-E5A431E275E5}
	EndGlobalSection
	GlobalSection(ExtensibilityGlobals) = postSolution
		SolutionGuid = {524634B6-C71E-4BD9-A9CB-6AD189BAE225}
	EndGlobalSection
EndGlobal
